# This file is automatically @generated by Cargo.
# It is not intended for manual editing.
version = 4

[[package]]
name = "aetherheim"
version = "0.1.0"
dependencies = [
 "aetherheim-bounds",
 "aetherheim-config",
 "aetherheim-core",
 "aetherheim-ids",
 "aetherheim-proof-core",
 "aetherheim-testkit",
]

[[package]]
name = "aetherheim-bounds"
version = "0.1.0"

[[package]]
name = "aetherheim-config"
version = "0.1.0"
dependencies = [
 "aetherheim-core",
]

[[package]]
name = "aetherheim-core"
version = "0.1.0"

[[package]]
name = "aetherheim-ids"
version = "0.1.0"

[[package]]
name = "aetherheim-proof-core"
version = "0.1.0"

[[package]]
name = "aetherheim-testkit"
version = "0.1.0"
dependencies = [
 "aetherheim-ids",
]
